# THIS IS AN AUTOGENERATED FILE. DO NOT EDIT THIS FILE DIRECTLY.
# yarn lockfile v1


"@ampproject/remapping@^2.1.0":
  "integrity" "sha512-qRmjj8nj9qmLTQXXmaR1cck3UXSRMPrbsLJAasZpF+t3riI71BXed5ebIOYwQntykeZuhjsdweEc9BxH5Jc26w=="
  "resolved" "https://registry.npmjs.org/@ampproject/remapping/-/remapping-2.2.0.tgz"
  "version" "2.2.0"
  dependencies:
    "@jridgewell/gen-mapping" "^0.1.0"
    "@jridgewell/trace-mapping" "^0.3.9"

"@babel/code-frame@^7.0.0", "@babel/code-frame@^7.18.6":
  "version" "7.18.6"
  dependencies:
    "@babel/highlight" "^7.18.6"

"@babel/compat-data@^7.20.0":
  "integrity" "sha512-EWZ4mE2diW3QALKvDMiXnbZpRvlj+nayZ112nK93SnhqOtpdsbVD4W+2tEoT3YNBAG9RBR0ISY758ZkOgsn6pQ=="
  "resolved" "https://registry.npmjs.org/@babel/compat-data/-/compat-data-7.20.1.tgz"
  "version" "7.20.1"

"@babel/core@^7.0.0", "@babel/core@^7.0.0-0":
  "integrity" "sha512-w7DbG8DtMrJcFOi4VrLm+8QM4az8Mo+PuLBKLp2zrYRCow8W/f9xiXm5sN53C8HksCyDQwCKha9JiDoIyPjT2g=="
  "resolved" "https://registry.npmjs.org/@babel/core/-/core-7.20.2.tgz"
  "version" "7.20.2"
  dependencies:
    "@ampproject/remapping" "^2.1.0"
    "@babel/code-frame" "^7.18.6"
    "@babel/generator" "^7.20.2"
    "@babel/helper-compilation-targets" "^7.20.0"
    "@babel/helper-module-transforms" "^7.20.2"
    "@babel/helpers" "^7.20.1"
    "@babel/parser" "^7.20.2"
    "@babel/template" "^7.18.10"
    "@babel/traverse" "^7.20.1"
    "@babel/types" "^7.20.2"
    "convert-source-map" "^1.7.0"
    "debug" "^4.1.0"
    "gensync" "^1.0.0-beta.2"
    "json5" "^2.2.1"
    "semver" "^6.3.0"

"@babel/generator@^7.20.1", "@babel/generator@^7.20.2":
  "integrity" "sha512-SD75PMIK6i9H8G/tfGvB4KKl4Nw6Ssos9nGgYwxbgyTP0iX/Z55DveoH86rmUB/YHTQQ+ZC0F7xxaY8l2OF44Q=="
  "resolved" "https://registry.npmjs.org/@babel/generator/-/generator-7.20.2.tgz"
  "version" "7.20.2"
  dependencies:
    "@babel/types" "^7.20.2"
    "@jridgewell/gen-mapping" "^0.3.2"
    "jsesc" "^2.5.1"

"@babel/helper-compilation-targets@^7.20.0":
  "integrity" "sha512-0jp//vDGp9e8hZzBc6N/KwA5ZK3Wsm/pfm4CrY7vzegkVxc65SgSn6wYOnwHe9Js9HRQ1YTCKLGPzDtaS3RoLQ=="
  "resolved" "https://registry.npmjs.org/@babel/helper-compilation-targets/-/helper-compilation-targets-7.20.0.tgz"
  "version" "7.20.0"
  dependencies:
    "@babel/compat-data" "^7.20.0"
    "@babel/helper-validator-option" "^7.18.6"
    "browserslist" "^4.21.3"
    "semver" "^6.3.0"

"@babel/helper-environment-visitor@^7.18.9":
  "integrity" "sha512-3r/aACDJ3fhQ/EVgFy0hpj8oHyHpQc+LPtJoY9SzTThAsStm4Ptegq92vqKoE3vD706ZVFWITnMnxucw+S9Ipg=="
  "resolved" "https://registry.npmjs.org/@babel/helper-environment-visitor/-/helper-environment-visitor-7.18.9.tgz"
  "version" "7.18.9"

"@babel/helper-function-name@^7.19.0":
  "integrity" "sha512-WAwHBINyrpqywkUH0nTnNgI5ina5TFn85HKS0pbPDfxFfhyR/aNQEn4hGi1P1JyT//I0t4OgXUlofzWILRvS5w=="
  "resolved" "https://registry.npmjs.org/@babel/helper-function-name/-/helper-function-name-7.19.0.tgz"
  "version" "7.19.0"
  dependencies:
    "@babel/template" "^7.18.10"
    "@babel/types" "^7.19.0"

"@babel/helper-hoist-variables@^7.18.6":
  "integrity" "sha512-UlJQPkFqFULIcyW5sbzgbkxn2FKRgwWiRexcuaR8RNJRy8+LLveqPjwZV/bwrLZCN0eUHD/x8D0heK1ozuoo6Q=="
  "resolved" "https://registry.npmjs.org/@babel/helper-hoist-variables/-/helper-hoist-variables-7.18.6.tgz"
  "version" "7.18.6"
  dependencies:
    "@babel/types" "^7.18.6"

"@babel/helper-module-imports@^7.16.7", "@babel/helper-module-imports@^7.18.6":
  "version" "7.18.6"
  dependencies:
    "@babel/types" "^7.18.6"

"@babel/helper-module-transforms@^7.20.2":
  "integrity" "sha512-zvBKyJXRbmK07XhMuujYoJ48B5yvvmM6+wcpv6Ivj4Yg6qO7NOZOSnvZN9CRl1zz1Z4cKf8YejmCMh8clOoOeA=="
  "resolved" "https://registry.npmjs.org/@babel/helper-module-transforms/-/helper-module-transforms-7.20.2.tgz"
  "version" "7.20.2"
  dependencies:
    "@babel/helper-environment-visitor" "^7.18.9"
    "@babel/helper-module-imports" "^7.18.6"
    "@babel/helper-simple-access" "^7.20.2"
    "@babel/helper-split-export-declaration" "^7.18.6"
    "@babel/helper-validator-identifier" "^7.19.1"
    "@babel/template" "^7.18.10"
    "@babel/traverse" "^7.20.1"
    "@babel/types" "^7.20.2"

"@babel/helper-plugin-utils@^7.18.6":
  "version" "7.20.2"

"@babel/helper-simple-access@^7.20.2":
  "integrity" "sha512-+0woI/WPq59IrqDYbVGfshjT5Dmk/nnbdpcF8SnMhhXObpTq2KNBdLFRFrkVdbDOyUmHBCxzm5FHV1rACIkIbA=="
  "resolved" "https://registry.npmjs.org/@babel/helper-simple-access/-/helper-simple-access-7.20.2.tgz"
  "version" "7.20.2"
  dependencies:
    "@babel/types" "^7.20.2"

"@babel/helper-split-export-declaration@^7.18.6":
  "integrity" "sha512-bde1etTx6ZyTmobl9LLMMQsaizFVZrquTEHOqKeQESMKo4PlObf+8+JA25ZsIpZhT/WEd39+vOdLXAFG/nELpA=="
  "resolved" "https://registry.npmjs.org/@babel/helper-split-export-declaration/-/helper-split-export-declaration-7.18.6.tgz"
  "version" "7.18.6"
  dependencies:
    "@babel/types" "^7.18.6"

"@babel/helper-string-parser@^7.19.4":
  "version" "7.19.4"

"@babel/helper-validator-identifier@^7.18.6", "@babel/helper-validator-identifier@^7.19.1":
  "version" "7.19.1"

"@babel/helper-validator-option@^7.18.6":
  "integrity" "sha512-XO7gESt5ouv/LRJdrVjkShckw6STTaB7l9BrpBaAHDeF5YZT+01PCwmR0SJHnkW6i8OwW/EVWRShfi4j2x+KQw=="
  "resolved" "https://registry.npmjs.org/@babel/helper-validator-option/-/helper-validator-option-7.18.6.tgz"
  "version" "7.18.6"

"@babel/helpers@^7.20.1":
  "integrity" "sha512-J77mUVaDTUJFZ5BpP6mMn6OIl3rEWymk2ZxDBQJUG3P+PbmyMcF3bYWvz0ma69Af1oobDqT/iAsvzhB58xhQUg=="
  "resolved" "https://registry.npmjs.org/@babel/helpers/-/helpers-7.20.1.tgz"
  "version" "7.20.1"
  dependencies:
    "@babel/template" "^7.18.10"
    "@babel/traverse" "^7.20.1"
    "@babel/types" "^7.20.0"

"@babel/highlight@^7.18.6":
  "version" "7.18.6"
  dependencies:
    "@babel/helper-validator-identifier" "^7.18.6"
    "chalk" "^2.0.0"
    "js-tokens" "^4.0.0"

"@babel/parser@^7.18.10", "@babel/parser@^7.20.1", "@babel/parser@^7.20.2":
  "integrity" "sha512-afk318kh2uKbo7BEj2QtEi8HVCGrwHUffrYDy7dgVcSa2j9lY3LDjPzcyGdpX7xgm35aWqvciZJ4WKmdF/SxYg=="
  "resolved" "https://registry.npmjs.org/@babel/parser/-/parser-7.20.2.tgz"
  "version" "7.20.2"

"@babel/plugin-syntax-jsx@^7.17.12":
  "version" "7.18.6"
  dependencies:
    "@babel/helper-plugin-utils" "^7.18.6"

"@babel/runtime@^7.12.5", "@babel/runtime@^7.18.3", "@babel/runtime@^7.19.0", "@babel/runtime@^7.5.5", "@babel/runtime@^7.6.2", "@babel/runtime@^7.7.2", "@babel/runtime@^7.7.6", "@babel/runtime@^7.8.7":
  "integrity" "sha512-mrzLkl6U9YLF8qpqI7TB82PESyEGjm/0Ly91jG575eVxMMlb8fYfOXFZIJ8XfLrJZQbm7dlKry2bJmXBUEkdFg=="
  "resolved" "https://registry.npmjs.org/@babel/runtime/-/runtime-7.20.1.tgz"
  "version" "7.20.1"
  dependencies:
    "regenerator-runtime" "^0.13.10"

"@babel/template@^7.18.10":
  "integrity" "sha512-TI+rCtooWHr3QJ27kJxfjutghu44DLnasDMwpDqCXVTal9RLp3RSYNh4NdBrRP2cQAoG9A8juOQl6P6oZG4JxA=="
  "resolved" "https://registry.npmjs.org/@babel/template/-/template-7.18.10.tgz"
  "version" "7.18.10"
  dependencies:
    "@babel/code-frame" "^7.18.6"
    "@babel/parser" "^7.18.10"
    "@babel/types" "^7.18.10"

"@babel/traverse@^7.20.1":
  "integrity" "sha512-d3tN8fkVJwFLkHkBN479SOsw4DMZnz8cdbL/gvuDuzy3TS6Nfw80HuQqhw1pITbIruHyh7d1fMA47kWzmcUEGA=="
  "resolved" "https://registry.npmjs.org/@babel/traverse/-/traverse-7.20.1.tgz"
  "version" "7.20.1"
  dependencies:
    "@babel/code-frame" "^7.18.6"
    "@babel/generator" "^7.20.1"
    "@babel/helper-environment-visitor" "^7.18.9"
    "@babel/helper-function-name" "^7.19.0"
    "@babel/helper-hoist-variables" "^7.18.6"
    "@babel/helper-split-export-declaration" "^7.18.6"
    "@babel/parser" "^7.20.1"
    "@babel/types" "^7.20.0"
    "debug" "^4.1.0"
    "globals" "^11.1.0"

"@babel/types@^7.18.10", "@babel/types@^7.18.6", "@babel/types@^7.19.0", "@babel/types@^7.20.0", "@babel/types@^7.20.2":
  "version" "7.20.2"
  dependencies:
    "@babel/helper-string-parser" "^7.19.4"
    "@babel/helper-validator-identifier" "^7.19.1"
    "to-fast-properties" "^2.0.0"

"@emotion/babel-plugin@^11.10.5":
  "version" "11.10.5"
  dependencies:
    "@babel/helper-module-imports" "^7.16.7"
    "@babel/plugin-syntax-jsx" "^7.17.12"
    "@babel/runtime" "^7.18.3"
    "@emotion/hash" "^0.9.0"
    "@emotion/memoize" "^0.8.0"
    "@emotion/serialize" "^1.1.1"
    "babel-plugin-macros" "^3.1.0"
    "convert-source-map" "^1.5.0"
    "escape-string-regexp" "^4.0.0"
    "find-root" "^1.1.0"
    "source-map" "^0.5.7"
    "stylis" "4.1.3"

"@emotion/cache@^11.10.3", "@emotion/cache@^11.10.5":
  "version" "11.10.5"
  dependencies:
    "@emotion/memoize" "^0.8.0"
    "@emotion/sheet" "^1.2.1"
    "@emotion/utils" "^1.2.0"
    "@emotion/weak-memoize" "^0.3.0"
    "stylis" "4.1.3"

"@emotion/hash@^0.9.0":
  "version" "0.9.0"

"@emotion/is-prop-valid@^1.2.0":
  "version" "1.2.0"
  dependencies:
    "@emotion/memoize" "^0.8.0"

"@emotion/memoize@^0.8.0":
  "version" "0.8.0"

"@emotion/react@^11.0.0-rc.0", "@emotion/react@^11.4.1", "@emotion/react@^11.5.0":
  "version" "11.10.5"
  dependencies:
    "@babel/runtime" "^7.18.3"
    "@emotion/babel-plugin" "^11.10.5"
    "@emotion/cache" "^11.10.5"
    "@emotion/serialize" "^1.1.1"
    "@emotion/use-insertion-effect-with-fallbacks" "^1.0.0"
    "@emotion/utils" "^1.2.0"
    "@emotion/weak-memoize" "^0.3.0"
    "hoist-non-react-statics" "^3.3.1"

"@emotion/serialize@^1.1.1":
  "version" "1.1.1"
  dependencies:
    "@emotion/hash" "^0.9.0"
    "@emotion/memoize" "^0.8.0"
    "@emotion/unitless" "^0.8.0"
    "@emotion/utils" "^1.2.0"
    "csstype" "^3.0.2"

"@emotion/sheet@^1.2.1":
  "version" "1.2.1"

"@emotion/styled@^11.3.0":
  "version" "11.10.5"
  dependencies:
    "@babel/runtime" "^7.18.3"
    "@emotion/babel-plugin" "^11.10.5"
    "@emotion/is-prop-valid" "^1.2.0"
    "@emotion/serialize" "^1.1.1"
    "@emotion/use-insertion-effect-with-fallbacks" "^1.0.0"
    "@emotion/utils" "^1.2.0"

"@emotion/unitless@^0.8.0":
  "version" "0.8.0"

"@emotion/use-insertion-effect-with-fallbacks@^1.0.0":
  "version" "1.0.0"

"@emotion/utils@^1.2.0":
  "version" "1.2.0"

"@emotion/weak-memoize@^0.3.0":
  "version" "0.3.0"

"@jridgewell/gen-mapping@^0.1.0":
  "integrity" "sha512-sQXCasFk+U8lWYEe66WxRDOE9PjVz4vSM51fTu3Hw+ClTpUSQb718772vH3pyS5pShp6lvQM7SxgIDXXXmOX7w=="
  "resolved" "https://registry.npmjs.org/@jridgewell/gen-mapping/-/gen-mapping-0.1.1.tgz"
  "version" "0.1.1"
  dependencies:
    "@jridgewell/set-array" "^1.0.0"
    "@jridgewell/sourcemap-codec" "^1.4.10"

"@jridgewell/gen-mapping@^0.3.2":
  "integrity" "sha512-mh65xKQAzI6iBcFzwv28KVWSmCkdRBWoOh+bYQGW3+6OZvbbN3TqMGo5hqYxQniRcH9F2VZIoJCm4pa3BPDK/A=="
  "resolved" "https://registry.npmjs.org/@jridgewell/gen-mapping/-/gen-mapping-0.3.2.tgz"
  "version" "0.3.2"
  dependencies:
    "@jridgewell/set-array" "^1.0.1"
    "@jridgewell/sourcemap-codec" "^1.4.10"
    "@jridgewell/trace-mapping" "^0.3.9"

"@jridgewell/resolve-uri@3.1.0":
  "integrity" "sha512-F2msla3tad+Mfht5cJq7LSXcdudKTWCVYUgw6pLFOOHSTtZlj6SWNYAp+AhuqLmWdBO2X5hPrLcu8cVP8fy28w=="
  "resolved" "https://registry.npmjs.org/@jridgewell/resolve-uri/-/resolve-uri-3.1.0.tgz"
  "version" "3.1.0"

"@jridgewell/set-array@^1.0.0", "@jridgewell/set-array@^1.0.1":
  "integrity" "sha512-xnkseuNADM0gt2bs+BvhO0p78Mk762YnZdsuzFV018NoG1Sj1SCQvpSqa7XUaTam5vAGasABV9qXASMKnFMwMw=="
  "resolved" "https://registry.npmjs.org/@jridgewell/set-array/-/set-array-1.1.2.tgz"
  "version" "1.1.2"

"@jridgewell/sourcemap-codec@^1.4.10", "@jridgewell/sourcemap-codec@1.4.14":
  "integrity" "sha512-XPSJHWmi394fuUuzDnGz1wiKqWfo1yXecHQMRf2l6hztTO+nPru658AyDngaBe7isIxEkRsPR3FZh+s7iVa4Uw=="
  "resolved" "https://registry.npmjs.org/@jridgewell/sourcemap-codec/-/sourcemap-codec-1.4.14.tgz"
  "version" "1.4.14"

"@jridgewell/trace-mapping@^0.3.9":
  "integrity" "sha512-MCNzAp77qzKca9+W/+I0+sEpaUnZoeasnghNeVc41VZCEKaCH73Vq3BZZ/SzWIgrqE4H4ceI+p+b6C0mHf9T4g=="
  "resolved" "https://registry.npmjs.org/@jridgewell/trace-mapping/-/trace-mapping-0.3.17.tgz"
  "version" "0.3.17"
  dependencies:
    "@jridgewell/resolve-uri" "3.1.0"
    "@jridgewell/sourcemap-codec" "1.4.14"

"@mui/base@5.0.0-alpha.104":
  "version" "5.0.0-alpha.104"
  dependencies:
    "@babel/runtime" "^7.19.0"
    "@emotion/is-prop-valid" "^1.2.0"
    "@mui/types" "^7.2.0"
    "@mui/utils" "^5.10.9"
    "@popperjs/core" "^2.11.6"
    "clsx" "^1.2.1"
    "prop-types" "^15.8.1"
    "react-is" "^18.2.0"

"@mui/core-downloads-tracker@^5.10.12":
  "version" "5.10.12"

"@mui/icons-material@^5.0.1":
  "version" "5.10.9"
  dependencies:
    "@babel/runtime" "^7.19.0"

"@mui/material@^5.0.0", "@mui/material@^5.0.2":
  "version" "5.10.12"
  dependencies:
    "@babel/runtime" "^7.19.0"
    "@mui/base" "5.0.0-alpha.104"
    "@mui/core-downloads-tracker" "^5.10.12"
    "@mui/system" "^5.10.12"
    "@mui/types" "^7.2.0"
    "@mui/utils" "^5.10.9"
    "@types/react-transition-group" "^4.4.5"
    "clsx" "^1.2.1"
    "csstype" "^3.1.1"
    "prop-types" "^15.8.1"
    "react-is" "^18.2.0"
    "react-transition-group" "^4.4.5"

"@mui/private-theming@^5.10.9":
  "version" "5.10.9"
  dependencies:
    "@babel/runtime" "^7.19.0"
    "@mui/utils" "^5.10.9"
    "prop-types" "^15.8.1"

"@mui/styled-engine@^5.10.8":
  "version" "5.10.8"
  dependencies:
    "@babel/runtime" "^7.19.0"
    "@emotion/cache" "^11.10.3"
    "csstype" "^3.1.1"
    "prop-types" "^15.8.1"

"@mui/system@^5.10.12":
  "version" "5.10.12"
  dependencies:
    "@babel/runtime" "^7.19.0"
    "@mui/private-theming" "^5.10.9"
    "@mui/styled-engine" "^5.10.8"
    "@mui/types" "^7.2.0"
    "@mui/utils" "^5.10.9"
    "clsx" "^1.2.1"
    "csstype" "^3.1.1"
    "prop-types" "^15.8.1"

"@mui/types@^7.2.0":
  "version" "7.2.0"

"@mui/utils@^5.10.9":
  "version" "5.10.9"
  dependencies:
    "@babel/runtime" "^7.19.0"
    "@types/prop-types" "^15.7.5"
    "@types/react-is" "^16.7.1 || ^17.0.0"
    "prop-types" "^15.8.1"
    "react-is" "^18.2.0"

"@nestjsx/crud-request@^4.1.0":
  "integrity" "sha512-EqveTzR5JLMRBnxqJzo0mm7Ff05IzQ6dvfg1gj46q6nOwZ0hfXr0FBTChtciKtkZB/QOlWQ5B1scCap/QuNJWQ=="
  "resolved" "https://registry.npmjs.org/@nestjsx/crud-request/-/crud-request-4.6.2.tgz"
  "version" "4.6.2"
  dependencies:
    "@nestjsx/util" "^4.6.2"
    "qs" "^6.8.0"

"@nestjsx/util@^4.6.2":
  "integrity" "sha512-YG2gQvSm7p8zBFaW6MFM5r1Ihk4Vr189SB2OTr7fV7qcjPS+02v7xILw2dTz2emdmu0t0AgCL2RU1V0lY8Aa9w=="
  "resolved" "https://registry.npmjs.org/@nestjsx/util/-/util-4.6.2.tgz"
  "version" "4.6.2"

"@popperjs/core@^2.11.6":
  "version" "2.11.6"

"@remix-run/router@1.0.3":
  "version" "1.0.3"

"@types/lodash.omitby@^4.6.7":
  "integrity" "sha512-gxxisaIRA49gLXRdORTVTb/3iq1sUGDG2LfLwldKEICC+xhJ4OELb/FNRYkKGTB0O+h6pQWhebvYSXXik8/vdg=="
  "resolved" "https://registry.npmjs.org/@types/lodash.omitby/-/lodash.omitby-4.6.7.tgz"
  "version" "4.6.7"
  dependencies:
    "@types/lodash" "*"

"@types/lodash@*":
  "integrity" "sha512-zmEmF5OIM3rb7SbLCFYoQhO4dGt2FRM9AMkxvA3LaADOF1n8in/zGJlWji9fmafLoNyz+FoL6FE0SLtGIArD7w=="
  "resolved" "https://registry.npmjs.org/@types/lodash/-/lodash-4.14.188.tgz"
  "version" "4.14.188"

"@types/node@^18.11.9":
  "integrity" "sha512-CRpX21/kGdzjOpFsZSkcrXMGIBWMGNIHXXBVFSH+ggkftxg+XYP20TESbh+zFvFj3EQOl5byk0HTRn1IL6hbqg=="
  "resolved" "https://registry.npmjs.org/@types/node/-/node-18.11.9.tgz"
  "version" "18.11.9"

"@types/parse-json@^4.0.0":
  "version" "4.0.0"

"@types/prop-types@*", "@types/prop-types@^15.7.5":
  "version" "15.7.5"

"@types/react-is@^16.7.1 || ^17.0.0":
  "version" "17.0.3"
  dependencies:
    "@types/react" "*"

"@types/react-transition-group@^4.4.5":
  "version" "4.4.5"
  dependencies:
    "@types/react" "*"

"@types/react@*", "@types/react@^17.0.0 || ^18.0.0":
  "version" "18.0.25"
  dependencies:
    "@types/prop-types" "*"
    "@types/scheduler" "*"
    "csstype" "^3.0.2"

"@types/scheduler@*":
  "version" "0.16.2"

"ansi-styles@^3.2.1":
  "version" "3.2.1"
  dependencies:
    "color-convert" "^1.9.0"

"array.prototype.foreach@^1.0.0":
  "version" "1.0.4"
  dependencies:
    "call-bind" "^1.0.2"
    "define-properties" "^1.1.4"
    "es-abstract" "^1.20.4"
    "es-array-method-boxes-properly" "^1.0.0"
    "get-intrinsic" "^1.1.3"
    "is-string" "^1.0.7"

"attr-accept@^2.2.2":
  "version" "2.2.2"

"autosuggest-highlight@^3.1.1":
  "version" "3.3.4"
  dependencies:
    "remove-accents" "^0.4.2"

"babel-plugin-macros@^3.1.0":
  "version" "3.1.0"
  dependencies:
    "@babel/runtime" "^7.12.5"
    "cosmiconfig" "^7.0.0"
    "resolve" "^1.19.0"

"balanced-match@^1.0.0":
  "integrity" "sha512-3oSeUO0TMV67hN1AmbXsK4yaqU7tjiHlbxRDZOpH0KW9+CeX4bRAaX0Anxt0tx2MrpRpWwQaPwIlISEJhYU5Pw=="
  "resolved" "https://registry.npmjs.org/balanced-match/-/balanced-match-1.0.2.tgz"
  "version" "1.0.2"

"big-integer@^1.6.16":
  "integrity" "sha512-GPEid2Y9QU1Exl1rpO9B2IPJGHPSupF5GnVIP0blYvNOMer2bTvSWs1jGOUg04hTmu67nmLsQ9TBo1puaotBHg=="
  "resolved" "https://registry.npmjs.org/big-integer/-/big-integer-1.6.51.tgz"
  "version" "1.6.51"

"brace-expansion@^1.1.7":
  "integrity" "sha512-iCuPHDFgrHX7H2vEI/5xpz07zSHB00TpugqhmYtVmMO6518mCuRMoOYFldEBl0g187ufozdaHgWKcYFb61qGiA=="
  "resolved" "https://registry.npmjs.org/brace-expansion/-/brace-expansion-1.1.11.tgz"
  "version" "1.1.11"
  dependencies:
    "balanced-match" "^1.0.0"
    "concat-map" "0.0.1"

"broadcast-channel@^3.4.1":
  "integrity" "sha512-cIAKJXAxGJceNZGTZSBzMxzyOn72cVgPnKx4dc6LRjQgbaJUQqhy5rzL3zbMxkMWsGKkv2hSFkPRMEXfoMZ2Mg=="
  "resolved" "https://registry.npmjs.org/broadcast-channel/-/broadcast-channel-3.7.0.tgz"
  "version" "3.7.0"
  dependencies:
    "@babel/runtime" "^7.7.2"
    "detect-node" "^2.1.0"
    "js-sha3" "0.8.0"
    "microseconds" "0.2.0"
    "nano-time" "1.0.0"
    "oblivious-set" "1.0.0"
    "rimraf" "3.0.2"
    "unload" "2.2.0"

"browserslist@^4.21.3", "browserslist@>= 4.21.0":
  "integrity" "sha512-CBHJJdDmgjl3daYjN5Cp5kbTf1mUhZoS+beLklHIvkOWscs83YAhLlF3Wsh/lciQYAcbBJgTOD44VtG31ZM4Hw=="
  "resolved" "https://registry.npmjs.org/browserslist/-/browserslist-4.21.4.tgz"
  "version" "4.21.4"
  dependencies:
    "caniuse-lite" "^1.0.30001400"
    "electron-to-chromium" "^1.4.251"
    "node-releases" "^2.0.6"
    "update-browserslist-db" "^1.0.9"

"call-bind@^1.0.0", "call-bind@^1.0.2":
  "integrity" "sha512-7O+FbCihrB5WGbFYesctwmTKae6rOiIzmz1icreWJ+0aA7LJfuqhEso2T9ncpcFtzMQtzXf2QGGueWJGTYsqrA=="
  "resolved" "https://registry.npmjs.org/call-bind/-/call-bind-1.0.2.tgz"
  "version" "1.0.2"
  dependencies:
    "function-bind" "^1.1.1"
    "get-intrinsic" "^1.0.2"

"callsites@^3.0.0":
  "version" "3.1.0"

"caniuse-lite@^1.0.30001400":
  "integrity" "sha512-IB1BXTZKPDVPM7cnV4iaKaHxckvdr/3xtctB3f7Hmenx3qYBhGtTZ//7EllK66aKXW98Lx0+7Yr0kxBtIt3tzg=="
  "resolved" "https://registry.npmjs.org/caniuse-lite/-/caniuse-lite-1.0.30001430.tgz"
  "version" "1.0.30001430"

"chalk@^2.0.0":
  "version" "2.4.2"
  dependencies:
    "ansi-styles" "^3.2.1"
    "escape-string-regexp" "^1.0.5"
    "supports-color" "^5.3.0"

"clsx@^1.1.1", "clsx@^1.2.1":
  "integrity" "sha512-EcR6r5a8bj6pu3ycsa/E/cKVGuTgZJZdsyUYHOksG/UHIiKfjxzRxYJpyVBwYaQeOvghal9fcc4PidlgzugAQg=="
  "resolved" "https://registry.npmjs.org/clsx/-/clsx-1.2.1.tgz"
  "version" "1.2.1"

"color-convert@^1.9.0":
  "version" "1.9.3"
  dependencies:
    "color-name" "1.1.3"

"color-name@1.1.3":
  "version" "1.1.3"

"commander@^2.20.0":
  "integrity" "sha512-GpVkmM8vF2vQUkj2LvZmD35JxeJOLCwJ9cUkugyk2nuhbv3+mJvpLYYt+0+USMxE+oj+ey/lJEnhZw75x/OMcQ=="
  "resolved" "https://registry.npmjs.org/commander/-/commander-2.20.3.tgz"
  "version" "2.20.3"

"concat-map@0.0.1":
  "integrity" "sha512-/Srv4dswyQNBfohGpz9o6Yb3Gz3SrUDqBH5rTuhGR7ahtlbYKnVxw2bCFMRljaA7EXHaXZ8wsHdodFvbkhKmqg=="
  "resolved" "https://registry.npmjs.org/concat-map/-/concat-map-0.0.1.tgz"
  "version" "0.0.1"

"convert-source-map@^1.5.0", "convert-source-map@^1.7.0":
  "version" "1.9.0"

"cosmiconfig@^7.0.0":
  "version" "7.0.1"
  dependencies:
    "@types/parse-json" "^4.0.0"
    "import-fresh" "^3.2.1"
    "parse-json" "^5.0.0"
    "path-type" "^4.0.0"
    "yaml" "^1.10.0"

"css-mediaquery@^0.1.2":
  "version" "0.1.2"

"csstype@^3.0.2", "csstype@^3.1.1":
  "version" "3.1.1"

"date-fns@^2.19.0":
  "integrity" "sha512-dDCnyH2WnnKusqvZZ6+jA1O51Ibt8ZMRNkDZdyAyK4YfbDwa/cEmuztzG5pk6hqlp9aSBPYcjOlktquahGwGeA=="
  "resolved" "https://registry.npmjs.org/date-fns/-/date-fns-2.29.3.tgz"
  "version" "2.29.3"

"debug@^4.1.0":
  "integrity" "sha512-PRWFHuSU3eDtQJPvnNY7Jcket1j0t5OuOsFzPPzsekD52Zl8qUfFIPEiswXqIvHWGVHOgX+7G/vCNNhehwxfkQ=="
  "resolved" "https://registry.npmjs.org/debug/-/debug-4.3.4.tgz"
  "version" "4.3.4"
  dependencies:
    "ms" "2.1.2"

"decode-uri-component@^0.2.0":
  "integrity" "sha512-hjf+xovcEn31w/EUYdTXQh/8smFL/dzYjohQGEIgjyNavaJfBY2p5F527Bo1VPATxv0VYTUC2bOcXvqFwk78Og=="
  "resolved" "https://registry.npmjs.org/decode-uri-component/-/decode-uri-component-0.2.0.tgz"
  "version" "0.2.0"

"define-properties@^1.1.3", "define-properties@^1.1.4":
  "version" "1.1.4"
  dependencies:
    "has-property-descriptors" "^1.0.0"
    "object-keys" "^1.1.1"

"detect-node@^2.0.4", "detect-node@^2.1.0":
  "integrity" "sha512-T0NIuQpnTvFDATNuHN5roPwSBG83rFsuO+MXXH9/3N1eFbn4wcPjttvjMLEPWJ0RGUYgQE7cGgS3tNxbqCGM7g=="
  "resolved" "https://registry.npmjs.org/detect-node/-/detect-node-2.1.0.tgz"
  "version" "2.1.0"

"dom-helpers@^5.0.1":
  "version" "5.2.1"
  dependencies:
    "@babel/runtime" "^7.8.7"
    "csstype" "^3.0.2"

"electron-to-chromium@^1.4.251":
  "integrity" "sha512-M8WEXFuKXMYMVr45fo8mq0wUrrJHheiKZf6BArTKk9ZBYCKJEOU5H8cdWgDT+qCVZf7Na4lVUaZsA+h6uA9+PA=="
  "resolved" "https://registry.npmjs.org/electron-to-chromium/-/electron-to-chromium-1.4.284.tgz"
  "version" "1.4.284"

"error-ex@^1.3.1":
  "version" "1.3.2"
  dependencies:
    "is-arrayish" "^0.2.1"

"es-abstract@^1.19.0", "es-abstract@^1.19.5", "es-abstract@^1.20.4":
  "version" "1.20.4"
  dependencies:
    "call-bind" "^1.0.2"
    "es-to-primitive" "^1.2.1"
    "function-bind" "^1.1.1"
    "function.prototype.name" "^1.1.5"
    "get-intrinsic" "^1.1.3"
    "get-symbol-description" "^1.0.0"
    "has" "^1.0.3"
    "has-property-descriptors" "^1.0.0"
    "has-symbols" "^1.0.3"
    "internal-slot" "^1.0.3"
    "is-callable" "^1.2.7"
    "is-negative-zero" "^2.0.2"
    "is-regex" "^1.1.4"
    "is-shared-array-buffer" "^1.0.2"
    "is-string" "^1.0.7"
    "is-weakref" "^1.0.2"
    "object-inspect" "^1.12.2"
    "object-keys" "^1.1.1"
    "object.assign" "^4.1.4"
    "regexp.prototype.flags" "^1.4.3"
    "safe-regex-test" "^1.0.0"
    "string.prototype.trimend" "^1.0.5"
    "string.prototype.trimstart" "^1.0.5"
    "unbox-primitive" "^1.0.2"

"es-array-method-boxes-properly@^1.0.0":
  "version" "1.0.0"

"es-to-primitive@^1.2.1":
  "version" "1.2.1"
  dependencies:
    "is-callable" "^1.1.4"
    "is-date-object" "^1.0.1"
    "is-symbol" "^1.0.2"

"escalade@^3.1.1":
  "integrity" "sha512-k0er2gUkLf8O0zKJiAhmkTnJlTvINGv7ygDNPbeIsX/TJjGJZHuh9B2UxbsaEkmlEo9MfhrSzmhIlhRlI2GXnw=="
  "resolved" "https://registry.npmjs.org/escalade/-/escalade-3.1.1.tgz"
  "version" "3.1.1"

"escape-string-regexp@^1.0.5":
  "version" "1.0.5"

"escape-string-regexp@^4.0.0":
  "version" "4.0.0"

"eventemitter3@^4.0.7":
  "integrity" "sha512-8guHBZCwKnFhYdHr2ysuRWErTwhoN2X8XELRlrRwpmfeY2jjuUN4taQMsULKUVo1K4DvZl+0pgfyoysHxvmvEw=="
  "resolved" "https://registry.npmjs.org/eventemitter3/-/eventemitter3-4.0.7.tgz"
  "version" "4.0.7"

"executioner@^2.0.1":
  "integrity" "sha512-idZAlKsxEZASjaIqP4PQ1txyS1bOcDwWCHy/8p5oMmLGV0XNCQPD6WWAOwJCUVsWItWzAN2BEash5N78PliaIw=="
  "resolved" "https://registry.npmjs.org/executioner/-/executioner-2.0.1.tgz"
  "version" "2.0.1"
  dependencies:
    "mixly" "^1.0.0"

"file-selector@^0.5.0":
  "version" "0.5.0"
  dependencies:
    "tslib" "^2.0.3"

"filter-obj@^1.1.0":
  "integrity" "sha512-8rXg1ZnX7xzy2NGDVkBVaAy+lSlPNwad13BtgSlLuxfIslyt5Vg64U7tFcCt4WS1R0hvtnQybT/IyCkGZ3DpXQ=="
  "resolved" "https://registry.npmjs.org/filter-obj/-/filter-obj-1.1.0.tgz"
  "version" "1.1.0"

"find-root@^1.1.0":
  "version" "1.1.0"

"fs.realpath@^1.0.0":
  "integrity" "sha512-OO0pH2lK6a0hZnAdau5ItzHPI6pUlvI7jMVnxUQRtw4owF2wk8lOSabtGDCTP4Ggrg2MbGnWO9X8K1t4+fGMDw=="
  "resolved" "https://registry.npmjs.org/fs.realpath/-/fs.realpath-1.0.0.tgz"
  "version" "1.0.0"

"fulcon@^1.0.1":
  "integrity" "sha512-vYwUBqbdo9XK0NmN7cFmURmy2T1YHpEsTCbxGO3aErxx6a0Z/HkWXcqcPkk7yOuJ74mSAHGWGBSBBd6v3GKebA=="
  "resolved" "https://registry.npmjs.org/fulcon/-/fulcon-1.0.2.tgz"
  "version" "1.0.2"

"function-bind@^1.1.1":
  "integrity" "sha512-yIovAzMX49sF8Yl58fSCWJ5svSLuaibPxXQJFLmBObTuCr0Mf1KiPopGM9NiFjiYBCbfaa2Fh6breQ6ANVTI0A=="
  "resolved" "https://registry.npmjs.org/function-bind/-/function-bind-1.1.1.tgz"
  "version" "1.1.1"

"function.prototype.name@^1.1.5":
  "version" "1.1.5"
  dependencies:
    "call-bind" "^1.0.2"
    "define-properties" "^1.1.3"
    "es-abstract" "^1.19.0"
    "functions-have-names" "^1.2.2"

"functions-have-names@^1.2.2":
  "version" "1.2.3"

"gensync@^1.0.0-beta.2":
  "integrity" "sha512-3hN7NaskYvMDLQY55gnW3NQ+mesEAepTqlg+VEbj7zzqEMBVNhzcGYYeqFo/TlYz6eQiFcp1HcsCZO+nGgS8zg=="
  "resolved" "https://registry.npmjs.org/gensync/-/gensync-1.0.0-beta.2.tgz"
  "version" "1.0.0-beta.2"

"get-intrinsic@^1.0.2", "get-intrinsic@^1.1.0", "get-intrinsic@^1.1.1", "get-intrinsic@^1.1.3":
  "integrity" "sha512-QJVz1Tj7MS099PevUG5jvnt9tSkXN8K14dxQlikJuPt4uD9hHAHjLyLBiLR5zELelBdD9QNRAXZzsJx0WaDL9A=="
  "resolved" "https://registry.npmjs.org/get-intrinsic/-/get-intrinsic-1.1.3.tgz"
  "version" "1.1.3"
  dependencies:
    "function-bind" "^1.1.1"
    "has" "^1.0.3"
    "has-symbols" "^1.0.3"

"get-symbol-description@^1.0.0":
  "version" "1.0.0"
  dependencies:
    "call-bind" "^1.0.2"
    "get-intrinsic" "^1.1.1"

"glob@^7.1.3":
  "integrity" "sha512-nFR0zLpU2YCaRxwoCJvL6UvCH2JFyFVIvwTLsIf21AuHlMskA1hhTdk+LlYJtOlYt9v6dvszD2BGRqBL+iQK9Q=="
  "resolved" "https://registry.npmjs.org/glob/-/glob-7.2.3.tgz"
  "version" "7.2.3"
  dependencies:
    "fs.realpath" "^1.0.0"
    "inflight" "^1.0.4"
    "inherits" "2"
    "minimatch" "^3.1.1"
    "once" "^1.3.0"
    "path-is-absolute" "^1.0.0"

"globals@^11.1.0":
  "integrity" "sha512-WOBp/EEGUiIsJSp7wcv/y6MO+lV9UoncWqxuFfm8eBwzWNgyfBd6Gz+IeKQ9jCmyhoH99g15M3T+QaVHFjizVA=="
  "resolved" "https://registry.npmjs.org/globals/-/globals-11.12.0.tgz"
  "version" "11.12.0"

"has-bigints@^1.0.1", "has-bigints@^1.0.2":
  "version" "1.0.2"

"has-flag@^3.0.0":
  "version" "3.0.0"

"has-property-descriptors@^1.0.0":
  "version" "1.0.0"
  dependencies:
    "get-intrinsic" "^1.1.1"

"has-symbols@^1.0.2", "has-symbols@^1.0.3":
  "integrity" "sha512-l3LCuF6MgDNwTDKkdYGEihYjt5pRPbEg46rtlmnSPlUbgmB8LOIrKJbYYFBSbnPaJexMKtiPO8hmeRjRz2Td+A=="
  "resolved" "https://registry.npmjs.org/has-symbols/-/has-symbols-1.0.3.tgz"
  "version" "1.0.3"

"has-tostringtag@^1.0.0":
  "version" "1.0.0"
  dependencies:
    "has-symbols" "^1.0.2"

"has@^1.0.3":
  "integrity" "sha512-f2dvO0VU6Oej7RkWJGrehjbzMAjFp5/VKPp5tTpWIV4JHHZK1/BxbFRtf/siA2SWTe09caDmVtYYzWEIbBS4zw=="
  "resolved" "https://registry.npmjs.org/has/-/has-1.0.3.tgz"
  "version" "1.0.3"
  dependencies:
    "function-bind" "^1.1.1"

"history@^5.1.0":
  "version" "5.3.0"
  dependencies:
    "@babel/runtime" "^7.7.6"

"hoist-non-react-statics@^3.3.1":
  "version" "3.3.2"
  dependencies:
    "react-is" "^16.7.0"

"import-fresh@^3.2.1":
  "version" "3.3.0"
  dependencies:
    "parent-module" "^1.0.0"
    "resolve-from" "^4.0.0"

"inflection@~1.12.0":
  "integrity" "sha512-lRy4DxuIFWXlJU7ed8UiTJOSTqStqYdEb4CEbtXfNbkdj3nH1L+reUWiE10VWcJS2yR7tge8Z74pJjtBjNwj0w=="
  "resolved" "https://registry.npmjs.org/inflection/-/inflection-1.12.0.tgz"
  "version" "1.12.0"

"inflight@^1.0.4":
  "integrity" "sha512-k92I/b08q4wvFscXCLvqfsHCrjrF7yiXsQuIVvVE7N82W3+aqpzuUdBbfhWcy/FZR3/4IgflMgKLOsvPDrGCJA=="
  "resolved" "https://registry.npmjs.org/inflight/-/inflight-1.0.6.tgz"
  "version" "1.0.6"
  dependencies:
    "once" "^1.3.0"
    "wrappy" "1"

"inherits@2":
  "integrity" "sha512-k/vGaX4/Yla3WzyMCvTQOXYeIHvqOKtnqBduzTHpzpQZzAskKMhZ2K+EnBiSM9zGSoIFeMpXKxa4dYeZIQqewQ=="
  "resolved" "https://registry.npmjs.org/inherits/-/inherits-2.0.4.tgz"
  "version" "2.0.4"

"install-peers-cli@^2.2.0":
  "integrity" "sha512-scSNvF49HDOLNm2xLFwST23g/OvfsceiA087bcGBgZP/ZNCrvpSaCn5IrWNZ2XYmFFykXF/6J1Zgm+D/JgRgtA=="
  "resolved" "https://registry.npmjs.org/install-peers-cli/-/install-peers-cli-2.2.0.tgz"
  "version" "2.2.0"
  dependencies:
    "commander" "^2.20.0"
    "executioner" "^2.0.1"

"internal-slot@^1.0.3":
  "version" "1.0.3"
  dependencies:
    "get-intrinsic" "^1.1.0"
    "has" "^1.0.3"
    "side-channel" "^1.0.4"

"is-arrayish@^0.2.1":
  "version" "0.2.1"

"is-bigint@^1.0.1":
  "version" "1.0.4"
  dependencies:
    "has-bigints" "^1.0.1"

"is-boolean-object@^1.1.0":
  "version" "1.1.2"
  dependencies:
    "call-bind" "^1.0.2"
    "has-tostringtag" "^1.0.0"

"is-callable@^1.1.4", "is-callable@^1.2.7":
  "version" "1.2.7"

"is-core-module@^2.9.0":
  "version" "2.11.0"
  dependencies:
    "has" "^1.0.3"

"is-date-object@^1.0.1":
  "version" "1.0.5"
  dependencies:
    "has-tostringtag" "^1.0.0"

"is-negative-zero@^2.0.2":
  "version" "2.0.2"

"is-number-object@^1.0.4":
  "version" "1.0.7"
  dependencies:
    "has-tostringtag" "^1.0.0"

"is-regex@^1.1.4":
  "version" "1.1.4"
  dependencies:
    "call-bind" "^1.0.2"
    "has-tostringtag" "^1.0.0"

"is-shared-array-buffer@^1.0.2":
  "version" "1.0.2"
  dependencies:
    "call-bind" "^1.0.2"

"is-string@^1.0.5", "is-string@^1.0.7":
  "version" "1.0.7"
  dependencies:
    "has-tostringtag" "^1.0.0"

"is-symbol@^1.0.2", "is-symbol@^1.0.3":
  "version" "1.0.4"
  dependencies:
    "has-symbols" "^1.0.2"

"is-weakref@^1.0.2":
  "version" "1.0.2"
  dependencies:
    "call-bind" "^1.0.2"

"js-sha3@0.8.0":
  "integrity" "sha512-gF1cRrHhIzNfToc802P800N8PpXS+evLLXfsVpowqmAFR9uwbi89WvXg2QspOmXL8QL86J4T1EpFu+yUkwJY3Q=="
  "resolved" "https://registry.npmjs.org/js-sha3/-/js-sha3-0.8.0.tgz"
  "version" "0.8.0"

"js-tokens@^3.0.0 || ^4.0.0", "js-tokens@^4.0.0":
  "integrity" "sha512-RdJUflcE3cUzKiMqQgsCu06FPu9UdIJO0beYbPhHN4k6apgJtifcoCtT9bcxOpYBtpD2kCM6Sbzg4CausW/PKQ=="
  "resolved" "https://registry.npmjs.org/js-tokens/-/js-tokens-4.0.0.tgz"
  "version" "4.0.0"

"jsesc@^2.5.1":
  "integrity" "sha512-OYu7XEzjkCQ3C5Ps3QIZsQfNpqoJyZZA99wd9aWd05NCtC5pWOkShK2mkL6HXQR6/Cy2lbNdPlZBpuQHXE63gA=="
  "resolved" "https://registry.npmjs.org/jsesc/-/jsesc-2.5.2.tgz"
  "version" "2.5.2"

"json-parse-even-better-errors@^2.3.0":
  "version" "2.3.1"

"json5@^2.2.1":
  "integrity" "sha512-1hqLFMSrGHRHxav9q9gNjJ5EXznIxGVO09xQRrwplcS8qs28pZ8s8hupZAmqDwZUmVZ2Qb2jnyPOWcDH8m8dlA=="
  "resolved" "https://registry.npmjs.org/json5/-/json5-2.2.1.tgz"
  "version" "2.2.1"

"jsonexport@^3.2.0":
  "integrity" "sha512-GbO9ugb0YTZatPd/hqCGR0FSwbr82H6OzG04yzdrG7XOe4QZ0jhQ+kOsB29zqkzoYJLmLxbbrFiuwbQu891XnQ=="
  "resolved" "https://registry.npmjs.org/jsonexport/-/jsonexport-3.2.0.tgz"
  "version" "3.2.0"

"lines-and-columns@^1.1.6":
  "version" "1.2.4"

"lodash.omitby@^4.6.0":
  "integrity" "sha512-5OrRcIVR75M288p4nbI2WLAf3ndw2GD9fyNv3Bc15+WCxJDdZ4lYndSxGd7hnG6PVjiJTeJE2dHEGhIuKGicIQ=="
  "resolved" "https://registry.npmjs.org/lodash.omitby/-/lodash.omitby-4.6.0.tgz"
  "version" "4.6.0"

"lodash@~4.17.5":
  "integrity" "sha512-v2kDEe57lecTulaDIuNTPy3Ry4gLGJ6Z1O3vE1krgXZNrsQ+LFTGHVxVjcXPs17LhbZVGedAJv8XZ1tvj5FvSg=="
  "resolved" "https://registry.npmjs.org/lodash/-/lodash-4.17.21.tgz"
  "version" "4.17.21"

"loose-envify@^1.0.0", "loose-envify@^1.1.0", "loose-envify@^1.4.0":
  "integrity" "sha512-lyuxPGr/Wfhrlem2CL/UcnUc1zcqKAImBDzukY7Y5F/yQiNdko6+fRLevlw1HgMySw7f611UIY408EtxRSoK3Q=="
  "resolved" "https://registry.npmjs.org/loose-envify/-/loose-envify-1.4.0.tgz"
  "version" "1.4.0"
  dependencies:
    "js-tokens" "^3.0.0 || ^4.0.0"

"match-sorter@^6.0.2":
  "integrity" "sha512-mxybbo3pPNuA+ZuCUhm5bwNkXrJTbsk5VWbR5wiwz/GC6LIiegBGn2w3O08UG/jdbYLinw51fSQ5xNU1U3MgBw=="
  "resolved" "https://registry.npmjs.org/match-sorter/-/match-sorter-6.3.1.tgz"
  "version" "6.3.1"
  dependencies:
    "@babel/runtime" "^7.12.5"
    "remove-accents" "0.4.2"

"microseconds@0.2.0":
  "integrity" "sha512-n7DHHMjR1avBbSpsTBj6fmMGh2AGrifVV4e+WYc3Q9lO+xnSZ3NyhcBND3vzzatt05LFhoKFRxrIyklmLlUtyA=="
  "resolved" "https://registry.npmjs.org/microseconds/-/microseconds-0.2.0.tgz"
  "version" "0.2.0"

"minimatch@^3.1.1":
  "integrity" "sha512-J7p63hRiAjw1NDEww1W7i37+ByIrOWO5XQQAzZ3VOcL0PNybwpfmV/N05zFAzwQ9USyEcX6t3UO+K5aqBQOIHw=="
  "resolved" "https://registry.npmjs.org/minimatch/-/minimatch-3.1.2.tgz"
  "version" "3.1.2"
  dependencies:
    "brace-expansion" "^1.1.7"

"mixly@^1.0.0":
  "integrity" "sha512-ks+xIMVeIDwuYK4LnOMXTfmiEI8oo3tFNFirpHd60C4r2H0wMwKN5/qHCrFBKFK+BYx2Gp7qs+evUJw7QO9D2w=="
  "resolved" "https://registry.npmjs.org/mixly/-/mixly-1.0.0.tgz"
  "version" "1.0.0"
  dependencies:
    "fulcon" "^1.0.1"

"ms@2.1.2":
  "integrity" "sha512-sGkPx+VjMtmA6MX27oA4FBFELFCZZ4S4XqeGOXCv68tT+jb3vk/RyaKWP0PTKyWtmLSM0b+adUTEvbs1PEaH2w=="
  "resolved" "https://registry.npmjs.org/ms/-/ms-2.1.2.tgz"
  "version" "2.1.2"

"nano-time@1.0.0":
  "integrity" "sha512-flnngywOoQ0lLQOTRNexn2gGSNuM9bKj9RZAWSzhQ+UJYaAFG9bac4DW9VHjUAzrOaIcajHybCTHe/bkvozQqA=="
  "resolved" "https://registry.npmjs.org/nano-time/-/nano-time-1.0.0.tgz"
  "version" "1.0.0"
  dependencies:
    "big-integer" "^1.6.16"

"node-polyglot@^2.2.2":
  "version" "2.4.2"
  dependencies:
    "array.prototype.foreach" "^1.0.0"
    "has" "^1.0.3"
    "object.entries" "^1.1.4"
    "string.prototype.trim" "^1.2.4"
    "warning" "^4.0.3"

"node-releases@^2.0.6":
  "integrity" "sha512-PiVXnNuFm5+iYkLBNeq5211hvO38y63T0i2KKh2KnUs3RpzJ+JtODFjkD8yjLwnDkTYF1eKXheUwdssR+NRZdg=="
  "resolved" "https://registry.npmjs.org/node-releases/-/node-releases-2.0.6.tgz"
  "version" "2.0.6"

"object-assign@^4.1.1":
  "integrity" "sha512-rJgTQnkUnH1sFw8yT6VSU3zD3sWmu6sZhIseY8VX+GRu3P6F7Fu+JNDoXfklElbLJSnc3FUQHVe4cU5hj+BcUg=="
  "resolved" "https://registry.npmjs.org/object-assign/-/object-assign-4.1.1.tgz"
  "version" "4.1.1"

"object-inspect@^1.12.2", "object-inspect@^1.9.0":
  "integrity" "sha512-z+cPxW0QGUp0mcqcsgQyLVRDoXFQbXOwBaqyF7VIgI4TWNQsDHrBpUQslRmIfAoYWdYzs6UlKJtB2XJpTaNSpQ=="
  "resolved" "https://registry.npmjs.org/object-inspect/-/object-inspect-1.12.2.tgz"
  "version" "1.12.2"

"object-keys@^1.1.1":
  "version" "1.1.1"

"object.assign@^4.1.4":
  "version" "4.1.4"
  dependencies:
    "call-bind" "^1.0.2"
    "define-properties" "^1.1.4"
    "has-symbols" "^1.0.3"
    "object-keys" "^1.1.1"

"object.entries@^1.1.4":
  "version" "1.1.6"
  dependencies:
    "call-bind" "^1.0.2"
    "define-properties" "^1.1.4"
    "es-abstract" "^1.20.4"

"oblivious-set@1.0.0":
  "integrity" "sha512-z+pI07qxo4c2CulUHCDf9lcqDlMSo72N/4rLUpRXf6fu+q8vjt8y0xS+Tlf8NTJDdTXHbdeO1n3MlbctwEoXZw=="
  "resolved" "https://registry.npmjs.org/oblivious-set/-/oblivious-set-1.0.0.tgz"
  "version" "1.0.0"

"once@^1.3.0":
  "integrity" "sha512-lNaJgI+2Q5URQBkccEKHTQOPaXdUxnZZElQTZY0MFUAuaEqe1E+Nyvgdz/aIyNi6Z9MzO5dv1H8n58/GELp3+w=="
  "resolved" "https://registry.npmjs.org/once/-/once-1.4.0.tgz"
  "version" "1.4.0"
  dependencies:
    "wrappy" "1"

"parent-module@^1.0.0":
  "version" "1.0.1"
  dependencies:
    "callsites" "^3.0.0"

"parse-json@^5.0.0":
  "version" "5.2.0"
  dependencies:
    "@babel/code-frame" "^7.0.0"
    "error-ex" "^1.3.1"
    "json-parse-even-better-errors" "^2.3.0"
    "lines-and-columns" "^1.1.6"

"path-is-absolute@^1.0.0":
  "integrity" "sha512-AVbw3UJ2e9bq64vSaS9Am0fje1Pa8pbGqTTsmXfaIiMpnr5DlDhfJOuLj9Sf95ZPVDAUerDfEk88MPmPe7UCQg=="
  "resolved" "https://registry.npmjs.org/path-is-absolute/-/path-is-absolute-1.0.1.tgz"
  "version" "1.0.1"

"path-parse@^1.0.7":
  "version" "1.0.7"

"path-type@^4.0.0":
  "version" "4.0.0"

"picocolors@^1.0.0":
  "integrity" "sha512-1fygroTLlHu66zi26VoTDv8yRgm0Fccecssto+MhsZ0D/DGW2sm8E8AjW7NU5VVTRt5GxbeZ5qBuJr+HyLYkjQ=="
  "resolved" "https://registry.npmjs.org/picocolors/-/picocolors-1.0.0.tgz"
  "version" "1.0.0"

"prop-types@^15.6.1", "prop-types@^15.6.2", "prop-types@^15.7.0", "prop-types@^15.8.1":
  "integrity" "sha512-oj87CgZICdulUohogVAR7AjlC0327U4el4L6eAvOqCeudMDVU0NThNaV+b9Df4dXgSP1gXMTnPdhfe/2qDH5cg=="
  "resolved" "https://registry.npmjs.org/prop-types/-/prop-types-15.8.1.tgz"
  "version" "15.8.1"
  dependencies:
    "loose-envify" "^1.4.0"
    "object-assign" "^4.1.1"
    "react-is" "^16.13.1"

"qs@^6.8.0":
  "integrity" "sha512-MvjoMCJwEarSbUYk5O+nmoSzSutSsTwF85zcHPQ9OrlFoZOYIjaqBAJIqIXjptyD5vThxGq52Xu/MaJzRkIk4Q=="
  "resolved" "https://registry.npmjs.org/qs/-/qs-6.11.0.tgz"
  "version" "6.11.0"
  dependencies:
    "side-channel" "^1.0.4"

"query-string@^7.1.1":
  "integrity" "sha512-MplouLRDHBZSG9z7fpuAAcI7aAYjDLhtsiVZsevsfaHWDS2IDdORKbSd1kWUA+V4zyva/HZoSfpwnYMMQDhb0w=="
  "resolved" "https://registry.npmjs.org/query-string/-/query-string-7.1.1.tgz"
  "version" "7.1.1"
  dependencies:
    "decode-uri-component" "^0.2.0"
    "filter-obj" "^1.1.0"
    "split-on-first" "^1.0.0"
    "strict-uri-encode" "^2.0.0"

"ra-core@^4.0.0", "ra-core@^4.2.6", "ra-core@^4.5.0":
  "integrity" "sha512-rOb8AFW7qTZPAhYU+nE3lkhvkYj4Hra1G9DCbEaes3G2ZFXgJ/Wi5Lsk4MBgLmtk+KJgykzm685bhbEAEZBq8g=="
  "resolved" "https://registry.npmjs.org/ra-core/-/ra-core-4.5.0.tgz"
  "version" "4.5.0"
  dependencies:
    "clsx" "^1.1.1"
    "date-fns" "^2.19.0"
    "eventemitter3" "^4.0.7"
    "inflection" "~1.12.0"
    "jsonexport" "^3.2.0"
    "lodash" "~4.17.5"
    "prop-types" "^15.6.1"
    "query-string" "^7.1.1"
    "react-is" "^17.0.2"
    "react-query" "^3.32.1"

"ra-i18n-polyglot@^4.5.0":
  "version" "4.5.0"
  dependencies:
    "node-polyglot" "^2.2.2"
    "ra-core" "^4.5.0"

"ra-language-english@^4.5.0":
  "version" "4.5.0"
  dependencies:
    "ra-core" "^4.5.0"

"ra-ui-materialui@^4.5.0":
  "version" "4.5.0"
  dependencies:
    "autosuggest-highlight" "^3.1.1"
    "clsx" "^1.1.1"
    "css-mediaquery" "^0.1.2"
    "inflection" "~1.12.0"
    "jsonexport" "^3.2.0"
    "lodash" "~4.17.5"
    "prop-types" "^15.7.0"
    "query-string" "^7.1.1"
    "react-dropzone" "^12.0.4"
    "react-error-boundary" "^3.1.4"
    "react-query" "^3.32.1"
    "react-transition-group" "^4.4.1"

"react-admin@>=3.0.0":
  "version" "4.5.0"
  dependencies:
    "@emotion/react" "^11.4.1"
    "@emotion/styled" "^11.3.0"
    "@mui/icons-material" "^5.0.1"
    "@mui/material" "^5.0.2"
    "history" "^5.1.0"
    "ra-core" "^4.5.0"
    "ra-i18n-polyglot" "^4.5.0"
    "ra-language-english" "^4.5.0"
    "ra-ui-materialui" "^4.5.0"
    "react-hook-form" "^7.34.2"
    "react-router" "^6.1.0"
    "react-router-dom" "^6.1.0"

"react-dom@^16.9.0 || ^17.0.0 || ^18.0.0", "react-dom@^17.0.0 || ^18.0.0", "react-dom@>=16.6.0", "react-dom@>=16.8":
  "integrity" "sha512-6IMTriUmvsjHUjNtEDudZfuDQUoWXVxKHhlEGSk81n4YFS+r/Kl99wXiwlVXtPBtJenozv2P+hxDsw9eA7Xo6g=="
  "resolved" "https://registry.npmjs.org/react-dom/-/react-dom-18.2.0.tgz"
  "version" "18.2.0"
  dependencies:
    "loose-envify" "^1.1.0"
    "scheduler" "^0.23.0"

"react-dropzone@^12.0.4":
  "version" "12.1.0"
  dependencies:
    "attr-accept" "^2.2.2"
    "file-selector" "^0.5.0"
    "prop-types" "^15.8.1"

"react-error-boundary@^3.1.4":
  "version" "3.1.4"
  dependencies:
    "@babel/runtime" "^7.12.5"

"react-hook-form@*", "react-hook-form@^7.34.2":
  "version" "7.39.1"

"react-is@^16.13.1":
  "integrity" "sha512-24e6ynE2H+OKt4kqsOvNd8kBpV65zoxbA4BVsEOB3ARVWQki/DHzaUoC5KuON/BiccDaCCTZBuOcfZs70kR8bQ=="
  "resolved" "https://registry.npmjs.org/react-is/-/react-is-16.13.1.tgz"
  "version" "16.13.1"

"react-is@^16.7.0":
  "version" "16.13.1"

"react-is@^17.0.2":
  "integrity" "sha512-w2GsyukL62IJnlaff/nRegPQR94C/XXamvMWmSHRJ4y7Ts/4ocGRmTHvOs8PSE6pB3dWOrD/nueuU5sduBsQ4w=="
  "resolved" "https://registry.npmjs.org/react-is/-/react-is-17.0.2.tgz"
  "version" "17.0.2"

"react-is@^18.2.0":
  "version" "18.2.0"

"react-query@^3.32.1":
  "integrity" "sha512-F6hYDKyNgDQfQOuR1Rsp3VRzJnWHx6aRnnIZHMNGGgbL3SBgpZTDg8MQwmxOgpCAoqZJA+JSNCydF1xGJqKOCA=="
  "resolved" "https://registry.npmjs.org/react-query/-/react-query-3.39.2.tgz"
  "version" "3.39.2"
  dependencies:
    "@babel/runtime" "^7.5.5"
    "broadcast-channel" "^3.4.1"
    "match-sorter" "^6.0.2"

"react-router-dom@^6.1.0":
  "version" "6.4.3"
  dependencies:
    "@remix-run/router" "1.0.3"
    "react-router" "6.4.3"

"react-router@^6.1.0", "react-router@6.4.3":
  "version" "6.4.3"
  dependencies:
    "@remix-run/router" "1.0.3"

"react-transition-group@^4.4.1", "react-transition-group@^4.4.5":
  "version" "4.4.5"
  dependencies:
    "@babel/runtime" "^7.5.5"
    "dom-helpers" "^5.0.1"
    "loose-envify" "^1.4.0"
    "prop-types" "^15.6.2"

"react@^16.8.0 || ^17 || ^18", "react@^16.8.0 || ^17.0.0 || ^18.0.0", "react@^16.9.0 || ^17.0.0 || ^18.0.0", "react@^17.0.0 || ^18.0.0", "react@^18.2.0", "react@>= 16.8", "react@>=16.13.1", "react@>=16.6.0", "react@>=16.8", "react@>=16.8.0":
  "integrity" "sha512-/3IjMdb2L9QbBdWiW5e3P2/npwMBaU9mHCSCUzNln0ZCYbcfTsGbTJrU/kGemdH2IWmB2ioZ+zkxtmq6g09fGQ=="
  "resolved" "https://registry.npmjs.org/react/-/react-18.2.0.tgz"
  "version" "18.2.0"
  dependencies:
    "loose-envify" "^1.1.0"

"regenerator-runtime@^0.13.10":
  "integrity" "sha512-KepLsg4dU12hryUO7bp/axHAKvwGOCV0sGloQtpagJ12ai+ojVDqkeGSiRX1zlq+kjIMZ1t7gpze+26QqtdGqw=="
  "resolved" "https://registry.npmjs.org/regenerator-runtime/-/regenerator-runtime-0.13.10.tgz"
  "version" "0.13.10"

"regexp.prototype.flags@^1.4.3":
  "version" "1.4.3"
  dependencies:
    "call-bind" "^1.0.2"
    "define-properties" "^1.1.3"
    "functions-have-names" "^1.2.2"

"remove-accents@^0.4.2":
  "version" "0.4.3"

"remove-accents@0.4.2":
  "integrity" "sha512-7pXIJqJOq5tFgG1A2Zxti3Ht8jJF337m4sowbuHsW30ZnkQFnDzy9qBNhgzX8ZLW4+UBcXiiR7SwR6pokHsxiA=="
  "resolved" "https://registry.npmjs.org/remove-accents/-/remove-accents-0.4.2.tgz"
  "version" "0.4.2"

"resolve-from@^4.0.0":
  "version" "4.0.0"

"resolve@^1.19.0":
  "version" "1.22.1"
  dependencies:
    "is-core-module" "^2.9.0"
    "path-parse" "^1.0.7"
    "supports-preserve-symlinks-flag" "^1.0.0"

"rimraf@3.0.2":
  "integrity" "sha512-JZkJMZkAGFFPP2YqXZXPbMlMBgsxzE8ILs4lMIX/2o0L9UBw9O/Y3o6wFw/i9YLapcUJWwqbi3kdxIPdC62TIA=="
  "resolved" "https://registry.npmjs.org/rimraf/-/rimraf-3.0.2.tgz"
  "version" "3.0.2"
  dependencies:
    "glob" "^7.1.3"

"safe-regex-test@^1.0.0":
  "version" "1.0.0"
  dependencies:
    "call-bind" "^1.0.2"
    "get-intrinsic" "^1.1.3"
    "is-regex" "^1.1.4"

"scheduler@^0.23.0":
  "integrity" "sha512-CtuThmgHNg7zIZWAXi3AsyIzA3n4xx7aNyjwC2VJldO2LMVDhFK+63xGqq6CsJH4rTAt6/M+N4GhZiDYPx9eUw=="
  "resolved" "https://registry.npmjs.org/scheduler/-/scheduler-0.23.0.tgz"
  "version" "0.23.0"
  dependencies:
    "loose-envify" "^1.1.0"

"semver@^6.3.0":
  "integrity" "sha512-b39TBaTSfV6yBrapU89p5fKekE2m/NwnDocOVruQFS1/veMgdzuPcnOM34M6CwxW8jH/lxEa5rBoDeUwu5HHTw=="
  "resolved" "https://registry.npmjs.org/semver/-/semver-6.3.0.tgz"
  "version" "6.3.0"

"side-channel@^1.0.4":
  "integrity" "sha512-q5XPytqFEIKHkGdiMIrY10mvLRvnQh42/+GoBlFW3b2LXLE2xxJpZFdm94we0BaoV3RwJyGqg5wS7epxTv0Zvw=="
  "resolved" "https://registry.npmjs.org/side-channel/-/side-channel-1.0.4.tgz"
  "version" "1.0.4"
  dependencies:
    "call-bind" "^1.0.0"
    "get-intrinsic" "^1.0.2"
    "object-inspect" "^1.9.0"

"source-map@^0.5.7":
  "version" "0.5.7"

"split-on-first@^1.0.0":
  "integrity" "sha512-43ZssAJaMusuKWL8sKUBQXHWOpq8d6CfN/u1p4gUzfJkM05C8rxTmYrkIPTXapZpORA6LkkzcUulJ8FqA7Uudw=="
  "resolved" "https://registry.npmjs.org/split-on-first/-/split-on-first-1.1.0.tgz"
  "version" "1.1.0"

"strict-uri-encode@^2.0.0":
  "integrity" "sha512-QwiXZgpRcKkhTj2Scnn++4PKtWsH0kpzZ62L2R6c/LUVYv7hVnZqcg2+sMuT6R7Jusu1vviK/MFsu6kNJfWlEQ=="
  "resolved" "https://registry.npmjs.org/strict-uri-encode/-/strict-uri-encode-2.0.0.tgz"
  "version" "2.0.0"

"string.prototype.trim@^1.2.4":
  "version" "1.2.6"
  dependencies:
    "call-bind" "^1.0.2"
    "define-properties" "^1.1.4"
    "es-abstract" "^1.19.5"

"string.prototype.trimend@^1.0.5":
  "version" "1.0.5"
  dependencies:
    "call-bind" "^1.0.2"
    "define-properties" "^1.1.4"
    "es-abstract" "^1.19.5"

"string.prototype.trimstart@^1.0.5":
  "version" "1.0.5"
  dependencies:
    "call-bind" "^1.0.2"
    "define-properties" "^1.1.4"
    "es-abstract" "^1.19.5"

"stylis@4.1.3":
  "version" "4.1.3"

"supports-color@^5.3.0":
  "version" "5.5.0"
  dependencies:
    "has-flag" "^3.0.0"

"supports-preserve-symlinks-flag@^1.0.0":
  "version" "1.0.0"

"to-fast-properties@^2.0.0":
  "version" "2.0.0"

"tslib@^2.0.3":
  "version" "2.4.1"

"typescript@^4.7.4":
  "integrity" "sha512-QCh+85mCy+h0IGff8r5XWzOVSbBO+KfeYrMQh7NJ58QujwcE22u+NUSmUxqF+un70P9GXKxa2HCNiTTMJknyjQ=="
  "resolved" "https://registry.npmjs.org/typescript/-/typescript-4.8.4.tgz"
  "version" "4.8.4"

"unbox-primitive@^1.0.2":
  "version" "1.0.2"
  dependencies:
    "call-bind" "^1.0.2"
    "has-bigints" "^1.0.2"
    "has-symbols" "^1.0.3"
    "which-boxed-primitive" "^1.0.2"

"unload@2.2.0":
  "integrity" "sha512-B60uB5TNBLtN6/LsgAf3udH9saB5p7gqJwcFfbOEZ8BcBHnGwCf6G/TGiEqkRAxX7zAFIUtzdrXQSdL3Q/wqNA=="
  "resolved" "https://registry.npmjs.org/unload/-/unload-2.2.0.tgz"
  "version" "2.2.0"
  dependencies:
    "@babel/runtime" "^7.6.2"
    "detect-node" "^2.0.4"

"update-browserslist-db@^1.0.9":
  "integrity" "sha512-OztqDenkfFkbSG+tRxBeAnCVPckDBcvibKd35yDONx6OU8N7sqgwc7rCbkJ/WcYtVRZ4ba68d6byhC21GFh7sQ=="
  "resolved" "https://registry.npmjs.org/update-browserslist-db/-/update-browserslist-db-1.0.10.tgz"
  "version" "1.0.10"
  dependencies:
    "escalade" "^3.1.1"
    "picocolors" "^1.0.0"

"warning@^4.0.3":
  "version" "4.0.3"
  dependencies:
    "loose-envify" "^1.0.0"

"which-boxed-primitive@^1.0.2":
  "version" "1.0.2"
  dependencies:
    "is-bigint" "^1.0.1"
    "is-boolean-object" "^1.1.0"
    "is-number-object" "^1.0.4"
    "is-string" "^1.0.5"
    "is-symbol" "^1.0.3"

"wrappy@1":
  "integrity" "sha512-l4Sp/DRseor9wL6EvV2+TuQn63dMkPjZ/sp9XkghTEbV9KlPS1xUsZ3u7/IQO4wxtcFB4bgpQPRcR3QCvezPcQ=="
  "resolved" "https://registry.npmjs.org/wrappy/-/wrappy-1.0.2.tgz"
  "version" "1.0.2"

"yaml@^1.10.0":
  "version" "1.10.2"
